
Microsoft Visual Studio Solution File, Format Version 12.00
# Visual Studio Version 17
VisualStudioVersion = 17.14.36327.8 d17.14
MinimumVisualStudioVersion = 10.0.40219.1
Project("{FAE04EC0-301F-11D3-BF4B-00C04F79EFBC}") = "HRMS.API", "HRMS.API\HRMS.API.csproj", "{52B80B6A-FA6C-4731-B1ED-5E03B8A89259}"
EndProject
Global
	GlobalSection(SolutionConfigurationPlatforms) = preSolution
		Debug|Any CPU = Debug|Any CPU
		Release|Any CPU = Release|Any CPU
	EndGlobalSection
	GlobalSection(ProjectConfigurationPlatforms) = postSolution
		{52B80B6A-FA6C-4731-B1ED-5E03B8A89259}.Debug|Any CPU.ActiveCfg = Debug|Any CPU
		{52B80B6A-FA6C-4731-B1ED-5E03B8A89259}.Debug|Any CPU.Build.0 = Debug|Any CPU
		{52B80B6A-FA6C-4731-B1ED-5E03B8A89259}.Release|Any CPU.ActiveCfg = Release|Any CPU
		{52B80B6A-FA6C-4731-B1ED-5E03B8A89259}.Release|Any CPU.Build.0 = Release|Any CPU
	EndGlobalSection
	GlobalSection(SolutionProperties) = preSolution
		HideSolutionNode = FALSE
	EndGlobalSection
	GlobalSection(ExtensibilityGlobals) = postSolution
		SolutionGuid = {071443F2-C574-49B1-9BE4-CE01EFA847ED}
	EndGlobalSection
EndGlobal
